# This file was autogenerated by uv via the following command:
#    uv pip compile requirements.txt -o requirements.uv.lock
certifi==2025.1.31
    # via requests
charset-normalizer==3.4.1
    # via requests
fetter==1.6.0
    # via -r requirements.txt
idna==3.10
    # via requests
numpy==2.2.3
    # via -r requirements.txt
requests==2.32.2
    # via -r requirements.txt
urllib3==2.3.0
    # via requests
